version = 1
revision = 3
requires-python = ">=3.10"

[[package]]
name = "iocr"
version = "0.1.0"
source = { editable = "." }
dependencies = [
    { name = "pyobjc-framework-quartz" },
    { name = "pyobjc-framework-vision" },
]

[package.metadata]
requires-dist = [
    { name = "pyobjc-framework-quartz" },
    { name = "pyobjc-framework-vision" },
]

[[package]]
name = "pyobjc-core"
version = "12.1"
source = { registry = "https://pypi.org/simple" }
sdist = { url = "https://files.pythonhosted.org/packages/b8/b6/d5612eb40be4fd5ef88c259339e6313f46ba67577a95d86c3470b951fce0/pyobjc_core-12.1.tar.gz", hash = "sha256:2bb3903f5387f72422145e1466b3ac3f7f0ef2e9960afa9bcd8961c5cbf8bd21", size = 1000532, upload-time = "2025-11-14T10:08:28.292Z" }
wheels = [
    { url = "https://files.pythonhosted.org/packages/63/bf/3dbb1783388da54e650f8a6b88bde03c101d9ba93dfe8ab1b1873f1cd999/pyobjc_core-12.1-cp310-cp310-macosx_10_9_universal2.whl", hash = "sha256:93418e79c1655f66b4352168f8c85c942707cb1d3ea13a1da3e6f6a143bacda7", size = 676748, upload-time = "2025-11-14T09:30:50.023Z" },
    { url = "https://files.pythonhosted.org/packages/95/df/d2b290708e9da86d6e7a9a2a2022b91915cf2e712a5a82e306cb6ee99792/pyobjc_core-12.1-cp311-cp311-macosx_10_9_universal2.whl", hash = "sha256:c918ebca280925e7fcb14c5c43ce12dcb9574a33cccb889be7c8c17f3bcce8b6", size = 671263, upload-time = "2025-11-14T09:31:35.231Z" },
    { url = "https://files.pythonhosted.org/packages/64/5a/6b15e499de73050f4a2c88fff664ae154307d25dc04da8fb38998a428358/pyobjc_core-12.1-cp312-cp312-macosx_10_13_universal2.whl", hash = "sha256:818bcc6723561f207e5b5453efe9703f34bc8781d11ce9b8be286bb415eb4962", size = 678335, upload-time = "2025-11-14T09:32:20.107Z" },
    { url = "https://files.pythonhosted.org/packages/f4/d2/29e5e536adc07bc3d33dd09f3f7cf844bf7b4981820dc2a91dd810f3c782/pyobjc_core-12.1-cp313-cp313-macosx_10_13_universal2.whl", hash = "sha256:01c0cf500596f03e21c23aef9b5f326b9fb1f8f118cf0d8b66749b6cf4cbb37a", size = 677370, upload-time = "2025-11-14T09:33:05.273Z" },
    { url = "https://files.pythonhosted.org/packages/1b/f0/4b4ed8924cd04e425f2a07269943018d43949afad1c348c3ed4d9d032787/pyobjc_core-12.1-cp313-cp313t-macosx_10_13_universal2.whl", hash = "sha256:177aaca84bb369a483e4961186704f64b2697708046745f8167e818d968c88fc", size = 719586, upload-time = "2025-11-14T09:33:53.302Z" },
    { url = "https://files.pythonhosted.org/packages/25/98/9f4ed07162de69603144ff480be35cd021808faa7f730d082b92f7ebf2b5/pyobjc_core-12.1-cp314-cp314-macosx_10_15_universal2.whl", hash = "sha256:844515f5d86395b979d02152576e7dee9cc679acc0b32dc626ef5bda315eaa43", size = 670164, upload-time = "2025-11-14T09:34:37.458Z" },
    { url = "https://files.pythonhosted.org/packages/62/50/dc076965c96c7f0de25c0a32b7f8aa98133ed244deaeeacfc758783f1f30/pyobjc_core-12.1-cp314-cp314t-macosx_10_15_universal2.whl", hash = "sha256:453b191df1a4b80e756445b935491b974714456ae2cbae816840bd96f86db882", size = 712204, upload-time = "2025-11-14T09:35:24.148Z" },
]

[[package]]
name = "pyobjc-framework-cocoa"
version = "12.1"
source = { registry = "https://pypi.org/simple" }
dependencies = [
    { name = "pyobjc-core" },
]
sdist = { url = "https://files.pythonhosted.org/packages/02/a3/16ca9a15e77c061a9250afbae2eae26f2e1579eb8ca9462ae2d2c71e1169/pyobjc_framework_cocoa-12.1.tar.gz", hash = "sha256:5556c87db95711b985d5efdaaf01c917ddd41d148b1e52a0c66b1a2e2c5c1640", size = 2772191, upload-time = "2025-11-14T10:13:02.069Z" }
wheels = [
    { url = "https://files.pythonhosted.org/packages/b2/aa/2b2d7ec3ac4b112a605e9bd5c5e5e4fd31d60a8a4b610ab19cc4838aa92a/pyobjc_framework_cocoa-12.1-cp310-cp310-macosx_10_9_universal2.whl", hash = "sha256:9b880d3bdcd102809d704b6d8e14e31611443aa892d9f60e8491e457182fdd48", size = 383825, upload-time = "2025-11-14T09:40:28.354Z" },
    { url = "https://files.pythonhosted.org/packages/3f/07/5760735c0fffc65107e648eaf7e0991f46da442ac4493501be5380e6d9d4/pyobjc_framework_cocoa-12.1-cp311-cp311-macosx_10_9_universal2.whl", hash = "sha256:f52228bcf38da64b77328787967d464e28b981492b33a7675585141e1b0a01e6", size = 383812, upload-time = "2025-11-14T09:40:53.169Z" },
    { url = "https://files.pythonhosted.org/packages/95/bf/ee4f27ec3920d5c6fc63c63e797c5b2cc4e20fe439217085d01ea5b63856/pyobjc_framework_cocoa-12.1-cp312-cp312-macosx_10_13_universal2.whl", hash = "sha256:547c182837214b7ec4796dac5aee3aa25abc665757b75d7f44f83c994bcb0858", size = 384590, upload-time = "2025-11-14T09:41:17.336Z" },
    { url = "https://files.pythonhosted.org/packages/ad/31/0c2e734165abb46215797bd830c4bdcb780b699854b15f2b6240515edcc6/pyobjc_framework_cocoa-12.1-cp313-cp313-macosx_10_13_universal2.whl", hash = "sha256:5a3dcd491cacc2f5a197142b3c556d8aafa3963011110102a093349017705118", size = 384689, upload-time = "2025-11-14T09:41:41.478Z" },
    { url = "https://files.pythonhosted.org/packages/23/3b/b9f61be7b9f9b4e0a6db18b3c35c4c4d589f2d04e963e2174d38c6555a92/pyobjc_framework_cocoa-12.1-cp313-cp313t-macosx_10_13_universal2.whl", hash = "sha256:914b74328c22d8ca261d78c23ef2befc29776e0b85555973927b338c5734ca44", size = 388843, upload-time = "2025-11-14T09:42:05.719Z" },
    { url = "https://files.pythonhosted.org/packages/59/bb/f777cc9e775fc7dae77b569254570fe46eb842516b3e4fe383ab49eab598/pyobjc_framework_cocoa-12.1-cp314-cp314-macosx_10_15_universal2.whl", hash = "sha256:03342a60fc0015bcdf9b93ac0b4f457d3938e9ef761b28df9564c91a14f0129a", size = 384932, upload-time = "2025-11-14T09:42:29.771Z" },
    { url = "https://files.pythonhosted.org/packages/58/27/b457b7b37089cad692c8aada90119162dfb4c4a16f513b79a8b2b022b33b/pyobjc_framework_cocoa-12.1-cp314-cp314t-macosx_10_15_universal2.whl", hash = "sha256:6ba1dc1bfa4da42d04e93d2363491275fb2e2be5c20790e561c8a9e09b8cf2cc", size = 388970, upload-time = "2025-11-14T09:42:53.964Z" },
]

[[package]]
name = "pyobjc-framework-coreml"
version = "12.1"
source = { registry = "https://pypi.org/simple" }
dependencies = [
    { name = "pyobjc-core" },
    { name = "pyobjc-framework-cocoa" },
]
sdist = { url = "https://files.pythonhosted.org/packages/30/2d/baa9ea02cbb1c200683cb7273b69b4bee5070e86f2060b77e6a27c2a9d7e/pyobjc_framework_coreml-12.1.tar.gz", hash = "sha256:0d1a4216891a18775c9e0170d908714c18e4f53f9dc79fb0f5263b2aa81609ba", size = 40465, upload-time = "2025-11-14T10:14:02.265Z" }
wheels = [
    { url = "https://files.pythonhosted.org/packages/47/f6/e8afa7143d541f6f0b9ac4b3820098a1b872bceba9210ae1bf4b5b4d445d/pyobjc_framework_coreml-12.1-cp310-cp310-macosx_10_9_universal2.whl", hash = "sha256:df4e9b4f97063148cc481f72e2fbe3cc53b9464d722752aa658d7c0aec9f02fd", size = 11334, upload-time = "2025-11-14T09:45:48.42Z" },
    { url = "https://files.pythonhosted.org/packages/34/0f/f55369da4a33cfe1db38a3512aac4487602783d3a1d572d2c8c4ccce6abc/pyobjc_framework_coreml-12.1-cp311-cp311-macosx_10_9_universal2.whl", hash = "sha256:16dafcfb123f022e62f47a590a7eccf7d0cb5957a77fd5f062b5ee751cb5a423", size = 11331, upload-time = "2025-11-14T09:45:50.445Z" },
    { url = "https://files.pythonhosted.org/packages/bb/39/4defef0deb25c5d7e3b7826d301e71ac5b54ef901b7dac4db1adc00f172d/pyobjc_framework_coreml-12.1-cp312-cp312-macosx_10_13_universal2.whl", hash = "sha256:10dc8e8db53d7631ebc712cad146e3a9a9a443f4e1a037e844149a24c3c42669", size = 11356, upload-time = "2025-11-14T09:45:52.271Z" },
    { url = "https://files.pythonhosted.org/packages/ae/3f/3749964aa3583f8c30d9996f0d15541120b78d307bb3070f5e47154ef38d/pyobjc_framework_coreml-12.1-cp313-cp313-macosx_10_13_universal2.whl", hash = "sha256:48fa3bb4a03fa23e0e36c93936dca2969598e4102f4b441e1663f535fc99cd31", size = 11371, upload-time = "2025-11-14T09:45:54.105Z" },
    { url = "https://files.pythonhosted.org/packages/9c/c8/cf20ea91ae33f05f3b92dec648c6f44a65f86d1a64c1d6375c95b85ccb7c/pyobjc_framework_coreml-12.1-cp313-cp313t-macosx_10_13_universal2.whl", hash = "sha256:71de5b37e6a017e3ed16645c5d6533138f24708da5b56c35c818ae49d0253ee1", size = 11600, upload-time = "2025-11-14T09:45:55.976Z" },
    { url = "https://files.pythonhosted.org/packages/bc/5c/510ae8e3663238d32e653ed6a09ac65611dd045a7241f12633c1ab48bb9b/pyobjc_framework_coreml-12.1-cp314-cp314-macosx_10_15_universal2.whl", hash = "sha256:a04a96e512ecf6999aa9e1f60ad5635cb9d1cd839be470341d8d1541797baef6", size = 11418, upload-time = "2025-11-14T09:45:57.75Z" },
    { url = "https://files.pythonhosted.org/packages/d3/1a/b7367819381b07c440fa5797d2b0487e31f09aa72079a693ceab6875fa0a/pyobjc_framework_coreml-12.1-cp314-cp314t-macosx_10_15_universal2.whl", hash = "sha256:7762b3dd2de01565b7cf3049ce1e4c27341ba179d97016b0b7607448e1c39865", size = 11593, upload-time = "2025-11-14T09:45:59.623Z" },
]

[[package]]
name = "pyobjc-framework-quartz"
version = "12.1"
source = { registry = "https://pypi.org/simple" }
dependencies = [
    { name = "pyobjc-core" },
    { name = "pyobjc-framework-cocoa" },
]
sdist = { url = "https://files.pythonhosted.org/packages/94/18/cc59f3d4355c9456fc945eae7fe8797003c4da99212dd531ad1b0de8a0c6/pyobjc_framework_quartz-12.1.tar.gz", hash = "sha256:27f782f3513ac88ec9b6c82d9767eef95a5cf4175ce88a1e5a65875fee799608", size = 3159099, upload-time = "2025-11-14T10:21:24.31Z" }
wheels = [
    { url = "https://files.pythonhosted.org/packages/17/f4/50c42c84796886e4d360407fb629000bb68d843b2502c88318375441676f/pyobjc_framework_quartz-12.1-cp310-cp310-macosx_10_9_universal2.whl", hash = "sha256:c6f312ae79ef8b3019dcf4b3374c52035c7c7bc4a09a1748b61b041bb685a0ed", size = 217799, upload-time = "2025-11-14T09:59:32.62Z" },
    { url = "https://files.pythonhosted.org/packages/b7/ef/dcd22b743e38b3c430fce4788176c2c5afa8bfb01085b8143b02d1e75201/pyobjc_framework_quartz-12.1-cp311-cp311-macosx_10_9_universal2.whl", hash = "sha256:19f99ac49a0b15dd892e155644fe80242d741411a9ed9c119b18b7466048625a", size = 217795, upload-time = "2025-11-14T09:59:46.922Z" },
    { url = "https://files.pythonhosted.org/packages/e9/9b/780f057e5962f690f23fdff1083a4cfda5a96d5b4d3bb49505cac4f624f2/pyobjc_framework_quartz-12.1-cp312-cp312-macosx_10_13_universal2.whl", hash = "sha256:7730cdce46c7e985535b5a42c31381af4aa6556e5642dc55b5e6597595e57a16", size = 218798, upload-time = "2025-11-14T10:00:01.236Z" },
    { url = "https://files.pythonhosted.org/packages/ba/2d/e8f495328101898c16c32ac10e7b14b08ff2c443a756a76fd1271915f097/pyobjc_framework_quartz-12.1-cp313-cp313-macosx_10_13_universal2.whl", hash = "sha256:629b7971b1b43a11617f1460cd218bd308dfea247cd4ee3842eb40ca6f588860", size = 219206, upload-time = "2025-11-14T10:00:15.623Z" },
    { url = "https://files.pythonhosted.org/packages/67/43/b1f0ad3b842ab150a7e6b7d97f6257eab6af241b4c7d14cb8e7fde9214b8/pyobjc_framework_quartz-12.1-cp313-cp313t-macosx_10_13_universal2.whl", hash = "sha256:53b84e880c358ba1ddcd7e8d5ea0407d760eca58b96f0d344829162cda5f37b3", size = 224317, upload-time = "2025-11-14T10:00:30.703Z" },
    { url = "https://files.pythonhosted.org/packages/4a/00/96249c5c7e5aaca5f688ca18b8d8ad05cd7886ebd639b3c71a6a4cadbe75/pyobjc_framework_quartz-12.1-cp314-cp314-macosx_10_15_universal2.whl", hash = "sha256:42d306b07f05ae7d155984503e0fb1b701fecd31dcc5c79fe8ab9790ff7e0de0", size = 219558, upload-time = "2025-11-14T10:00:45.476Z" },
    { url = "https://files.pythonhosted.org/packages/4d/a6/708a55f3ff7a18c403b30a29a11dccfed0410485a7548c60a4b6d4cc0676/pyobjc_framework_quartz-12.1-cp314-cp314t-macosx_10_15_universal2.whl", hash = "sha256:0cc08fddb339b2760df60dea1057453557588908e42bdc62184b6396ce2d6e9a", size = 224580, upload-time = "2025-11-14T10:01:00.091Z" },
]

[[package]]
name = "pyobjc-framework-vision"
version = "12.1"
source = { registry = "https://pypi.org/simple" }
dependencies = [
    { name = "pyobjc-core" },
    { name = "pyobjc-framework-cocoa" },
    { name = "pyobjc-framework-coreml" },
    { name = "pyobjc-framework-quartz" },
]
sdist = { url = "https://files.pythonhosted.org/packages/c2/5a/08bb3e278f870443d226c141af14205ff41c0274da1e053b72b11dfc9fb2/pyobjc_framework_vision-12.1.tar.gz", hash = "sha256:a30959100e85dcede3a786c544e621ad6eb65ff6abf85721f805822b8c5fe9b0", size = 59538, upload-time = "2025-11-14T10:23:21.979Z" }
wheels = [
    { url = "https://files.pythonhosted.org/packages/e3/48/b23e639a66e5d3d944710bb2eaeb7257c18b0834dffc7ea2ddadadf8620e/pyobjc_framework_vision-12.1-cp310-cp310-macosx_10_9_universal2.whl", hash = "sha256:a30c3fff926348baecc3ce1f6da8ed327d0cbd55ca1c376d018e31023b79c0ab", size = 21432, upload-time = "2025-11-14T10:06:39.709Z" },
    { url = "https://files.pythonhosted.org/packages/bd/37/e30cf4eef2b4c7e20ccadc1249117c77305fbc38b2e5904eb42e3753f63c/pyobjc_framework_vision-12.1-cp311-cp311-macosx_10_9_universal2.whl", hash = "sha256:1edbf2fc18ce3b31108f845901a88f2236783ae6bf0bc68438d7ece572dc2a29", size = 21432, upload-time = "2025-11-14T10:06:42.373Z" },
    { url = "https://files.pythonhosted.org/packages/3a/5a/23502935b3fc877d7573e743fc3e6c28748f33a45c43851d503bde52cde7/pyobjc_framework_vision-12.1-cp312-cp312-macosx_10_13_universal2.whl", hash = "sha256:6b3211d84f3a12aad0cde752cfd43a80d0218960ac9e6b46b141c730e7d655bd", size = 16625, upload-time = "2025-11-14T10:06:44.422Z" },
    { url = "https://files.pythonhosted.org/packages/f5/e4/e87361a31b82b22f8c0a59652d6e17625870dd002e8da75cb2343a84f2f9/pyobjc_framework_vision-12.1-cp313-cp313-macosx_10_13_universal2.whl", hash = "sha256:7273e2508db4c2e88523b4b7ff38ac54808756e7ba01d78e6c08ea68f32577d2", size = 16640, upload-time = "2025-11-14T10:06:46.653Z" },
    { url = "https://files.pythonhosted.org/packages/b1/dd/def55d8a80b0817f486f2712fc6243482c3264d373dc5ff75037b3aeb7ea/pyobjc_framework_vision-12.1-cp313-cp313t-macosx_10_13_universal2.whl", hash = "sha256:04296f0848cc8cdead66c76df6063720885cbdf24fdfd1900749a6e2297313db", size = 16782, upload-time = "2025-11-14T10:06:48.816Z" },
    { url = "https://files.pythonhosted.org/packages/a7/a4/ee1ef14d6e1df6617e64dbaaa0ecf8ecb9e0af1425613fa633f6a94049c1/pyobjc_framework_vision-12.1-cp314-cp314-macosx_10_15_universal2.whl", hash = "sha256:631add775ed1dafb221a6116137cdcd78432addc16200ca434571c2a039c0e03", size = 16614, upload-time = "2025-11-14T10:06:50.852Z" },
    { url = "https://files.pythonhosted.org/packages/af/53/187743d9244becd4499a77f8ee699ae286e2f6ade7c0c7ad2975ae60f187/pyobjc_framework_vision-12.1-cp314-cp314t-macosx_10_15_universal2.whl", hash = "sha256:fe41a1a70cc91068aee7b5293fa09dc66d1c666a8da79fdf948900988b439df6", size = 16771, upload-time = "2025-11-14T10:06:53.04Z" },
]
