version = 1
revision = 3
requires-python = ">=3.13"

[[package]]
name = "asstosrt"
version = "0.1.6"
source = { registry = "https://pypi.org/simple" }
dependencies = [
    { name = "setuptools" },
]
sdist = { url = "https://files.pythonhosted.org/packages/b3/f6/1737a9044b117d7b9a2229f3f221b149faea23d293754dbf1918a9340ee1/asstosrt-0.1.6.tar.gz", hash = "sha256:b8c7bdb4ac54fb74ad95058652229ba60d24ea644bd7ca40aa1f7495ad3b08bd", size = 5573, upload-time = "2017-12-07T17:44:14.409Z" }
wheels = [
    { url = "https://files.pythonhosted.org/packages/bb/dc/a11d932c230467adc3d1ed833d6f0d923eb16b48a893b8cd89ff5510983f/asstosrt-0.1.6-py2.py3-none-any.whl", hash = "sha256:f2e553dd0160a36576cbb89df589adc1e57351111bc8076ab4a76857beaa6f2a", size = 9052, upload-time = "2017-12-07T17:44:11.526Z" },
]

[[package]]
name = "chardet"
version = "6.0.0.post1"
source = { registry = "https://pypi.org/simple" }
sdist = { url = "https://files.pythonhosted.org/packages/7f/42/fb9436c103a881a377e34b9f58d77b5f503461c702ff654ebe86151bcfe9/chardet-6.0.0.post1.tar.gz", hash = "sha256:6b78048c3c97c7b2ed1fbad7a18f76f5a6547f7d34dbab536cc13887c9a92fa4", size = 12521798, upload-time = "2026-02-22T15:09:17.925Z" }
wheels = [
    { url = "https://files.pythonhosted.org/packages/66/42/5de54f632c2de53cd3415b3703383d5fff43a94cbc0567ef362515261a21/chardet-6.0.0.post1-py3-none-any.whl", hash = "sha256:c894a36800549adf7bb5f2af47033281b75fdfcd2aa0f0243be0ad22a52e2dcb", size = 627245, upload-time = "2026-02-22T15:09:15.876Z" },
]

[[package]]
name = "pyass"
version = "0.1.0"
source = { virtual = "." }
dependencies = [
    { name = "asstosrt" },
    { name = "chardet" },
    { name = "pysrt" },
    { name = "setuptools" },
]

[package.metadata]
requires-dist = [
    { name = "asstosrt", specifier = ">=0.1.6" },
    { name = "chardet", specifier = ">=6.0.0.post1" },
    { name = "pysrt", specifier = ">=1.1.2" },
    { name = "setuptools", specifier = ">=82.0.0" },
]

[[package]]
name = "pysrt"
version = "1.1.2"
source = { registry = "https://pypi.org/simple" }
dependencies = [
    { name = "chardet" },
]
sdist = { url = "https://files.pythonhosted.org/packages/31/1a/0d858da1c6622dcf16011235a2639b0a01a49cecf812f8ab03308ab4de37/pysrt-1.1.2.tar.gz", hash = "sha256:b4f844ba33e4e7743e9db746492f3a193dc0bc112b153914698e7c1cdeb9b0b9", size = 104371, upload-time = "2020-01-20T15:22:28.291Z" }

[[package]]
name = "setuptools"
version = "82.0.0"
source = { registry = "https://pypi.org/simple" }
sdist = { url = "https://files.pythonhosted.org/packages/82/f3/748f4d6f65d1756b9ae577f329c951cda23fb900e4de9f70900ced962085/setuptools-82.0.0.tar.gz", hash = "sha256:22e0a2d69474c6ae4feb01951cb69d515ed23728cf96d05513d36e42b62b37cb", size = 1144893, upload-time = "2026-02-08T15:08:40.206Z" }
wheels = [
    { url = "https://files.pythonhosted.org/packages/e1/c6/76dc613121b793286a3f91621d7b75a2b493e0390ddca50f11993eadf192/setuptools-82.0.0-py3-none-any.whl", hash = "sha256:70b18734b607bd1da571d097d236cfcfacaf01de45717d59e6e04b96877532e0", size = 1003468, upload-time = "2026-02-08T15:08:38.723Z" },
]
